{
  "requires": true,
  "lockfileVersion": 1,
  "dependencies": {
    "@prettier/plugin-ruby": {
      "version": "1.5.4",
      "resolved": "https://registry.npmjs.org/@prettier/plugin-ruby/-/plugin-ruby-1.5.4.tgz",
      "integrity": "sha512-HSMEuhKcU7utIb8kZuiMr3qm9NXsWSaxi4DaJDsBy0u5VC7hprq0fSYJwE5EQr7ajmygrl2dB3i4av6Ek+TfAA==",
      "dev": true,
      "requires": {
        "prettier": ">=1.10"
      }
    },
    "prettier": {
      "version": "2.2.1",
      "resolved": "https://registry.npmjs.org/prettier/-/prettier-2.2.1.tgz",
      "integrity": "sha512-PqyhM2yCjg/oKkFPtTGUojv7gnZAoG80ttl45O6x2Ug/rMJw4wcc9k6aaf2hibP7BGVCCM33gZoGjyvt9mm16Q==",
      "dev": true
    }
  }
}
